
Microsoft Visual Studio Solution File, Format Version 12.00
# Visual Studio Version 16
VisualStudioVersion = 16.0.31112.23
MinimumVisualStudioVersion = 10.0.40219.1
Project("{FAE04EC0-301F-11D3-BF4B-00C04F79EFBC}") = "Managment_system", "Managment_system\Managment_system.csproj", "{BC7895FD-BE96-40E8-817D-35241519A613}"
EndProject
Global
	GlobalSection(SolutionConfigurationPlatforms) = preSolution
		Debug|Any CPU = Debug|Any CPU
		Release|Any CPU = Release|Any CPU
	EndGlobalSection
	GlobalSection(ProjectConfigurationPlatforms) = postSolution
		{BC7895FD-BE96-40E8-817D-35241519A613}.Debug|Any CPU.ActiveCfg = Debug|Any CPU
		{BC7895FD-BE96-40E8-817D-35241519A613}.Debug|Any CPU.Build.0 = Debug|Any CPU
		{BC7895FD-BE96-40E8-817D-35241519A613}.Release|Any CPU.ActiveCfg = Release|Any CPU
		{BC7895FD-BE96-40E8-817D-35241519A613}.Release|Any CPU.Build.0 = Release|Any CPU
	EndGlobalSection
	GlobalSection(SolutionProperties) = preSolution
		HideSolutionNode = FALSE
	EndGlobalSection
	GlobalSection(ExtensibilityGlobals) = postSolution
		SolutionGuid = {B3AFCC61-566D-4B1C-8C08-CBF8EB2489D4}
	EndGlobalSection
EndGlobal
